
Microsoft Visual Studio Solution File, Format Version 12.00
# Visual Studio Version 16
VisualStudioVersion = 16.0.30330.147
MinimumVisualStudioVersion = 10.0.40219.1
Project("{9A19103F-16F7-4668-BE54-9A1E7A4F7556}") = "OpenFMB.Adapters.Core", "OpenFMB.Adapters.Core\OpenFMB.Adapters.Core.csproj", "{AD36048E-2CC4-4409-A87B-18F3B477FCC3}"
EndProject
Project("{FAE04EC0-301F-11D3-BF4B-00C04F79EFBC}") = "OpenFMB.Adapters.Configuration", "OpenFMB.Adapters.Configuration\OpenFMB.Adapters.Configuration.csproj", "{6163C9A8-9481-46DB-90A8-FEAC0A0A1FD9}"
EndProject
Project("{54435603-DBB4-11D2-8724-00A0C9A8B90C}") = "Setup", "Setup\Setup.vdproj", "{1F5227B9-DD15-43A5-BDAE-A7B2735E0D97}"
EndProject
Global
	GlobalSection(SolutionConfigurationPlatforms) = preSolution
		Debug|Any CPU = Debug|Any CPU
		Release|Any CPU = Release|Any CPU
	EndGlobalSection
	GlobalSection(ProjectConfigurationPlatforms) = postSolution
		{AD36048E-2CC4-4409-A87B-18F3B477FCC3}.Debug|Any CPU.ActiveCfg = Debug|Any CPU
		{AD36048E-2CC4-4409-A87B-18F3B477FCC3}.Debug|Any CPU.Build.0 = Debug|Any CPU
		{AD36048E-2CC4-4409-A87B-18F3B477FCC3}.Release|Any CPU.ActiveCfg = Release|Any CPU
		{AD36048E-2CC4-4409-A87B-18F3B477FCC3}.Release|Any CPU.Build.0 = Release|Any CPU
		{6163C9A8-9481-46DB-90A8-FEAC0A0A1FD9}.Debug|Any CPU.ActiveCfg = Debug|Any CPU
		{6163C9A8-9481-46DB-90A8-FEAC0A0A1FD9}.Debug|Any CPU.Build.0 = Debug|Any CPU
		{6163C9A8-9481-46DB-90A8-FEAC0A0A1FD9}.Release|Any CPU.ActiveCfg = Release|Any CPU
		{6163C9A8-9481-46DB-90A8-FEAC0A0A1FD9}.Release|Any CPU.Build.0 = Release|Any CPU
		{1F5227B9-DD15-43A5-BDAE-A7B2735E0D97}.Debug|Any CPU.ActiveCfg = Debug
		{1F5227B9-DD15-43A5-BDAE-A7B2735E0D97}.Release|Any CPU.ActiveCfg = Release
	EndGlobalSection
	GlobalSection(SolutionProperties) = preSolution
		HideSolutionNode = FALSE
	EndGlobalSection
	GlobalSection(ExtensibilityGlobals) = postSolution
		SolutionGuid = {48E49DDF-95F4-479E-A44E-F911632F051C}
	EndGlobalSection
EndGlobal
